
Microsoft Visual Studio Solution File, Format Version 12.00
# Visual Studio Version 17
VisualStudioVersion = 17.6.33712.159
MinimumVisualStudioVersion = 10.0.40219.1
Project("{FAE04EC0-301F-11D3-BF4B-00C04F79EFBC}") = "WebApplication2", "WebApplication2\WebApplication2.csproj", "{D2CA3B8A-7161-4A78-8AE5-1BDD69441C61}"
EndProject
Global
	GlobalSection(SolutionConfigurationPlatforms) = preSolution
		Debug|Any CPU = Debug|Any CPU
		Release|Any CPU = Release|Any CPU
	EndGlobalSection
	GlobalSection(ProjectConfigurationPlatforms) = postSolution
		{D2CA3B8A-7161-4A78-8AE5-1BDD69441C61}.Debug|Any CPU.ActiveCfg = Debug|Any CPU
		{D2CA3B8A-7161-4A78-8AE5-1BDD69441C61}.Debug|Any CPU.Build.0 = Debug|Any CPU
		{D2CA3B8A-7161-4A78-8AE5-1BDD69441C61}.Release|Any CPU.ActiveCfg = Release|Any CPU
		{D2CA3B8A-7161-4A78-8AE5-1BDD69441C61}.Release|Any CPU.Build.0 = Release|Any CPU
	EndGlobalSection
	GlobalSection(SolutionProperties) = preSolution
		HideSolutionNode = FALSE
	EndGlobalSection
	GlobalSection(ExtensibilityGlobals) = postSolution
		SolutionGuid = {6683521D-83F4-4614-966A-3AA0D59379CF}
	EndGlobalSection
EndGlobal
